
Microsoft Visual Studio Solution File, Format Version 12.00
# Visual Studio Version 16
VisualStudioVersion = 16.0.30717.126
MinimumVisualStudioVersion = 10.0.40219.1
Project("{FAE04EC0-301F-11D3-BF4B-00C04F79EFBC}") = "LanguageSchools", "LanguageSchools\LanguageSchools.csproj", "{C454A23B-9A8A-4FCB-A7BE-21FD65405EFB}"
EndProject
Global
	GlobalSection(SolutionConfigurationPlatforms) = preSolution
		Debug|Any CPU = Debug|Any CPU
		Release|Any CPU = Release|Any CPU
	EndGlobalSection
	GlobalSection(ProjectConfigurationPlatforms) = postSolution
		{C454A23B-9A8A-4FCB-A7BE-21FD65405EFB}.Debug|Any CPU.ActiveCfg = Debug|Any CPU
		{C454A23B-9A8A-4FCB-A7BE-21FD65405EFB}.Debug|Any CPU.Build.0 = Debug|Any CPU
		{C454A23B-9A8A-4FCB-A7BE-21FD65405EFB}.Release|Any CPU.ActiveCfg = Release|Any CPU
		{C454A23B-9A8A-4FCB-A7BE-21FD65405EFB}.Release|Any CPU.Build.0 = Release|Any CPU
	EndGlobalSection
	GlobalSection(SolutionProperties) = preSolution
		HideSolutionNode = FALSE
	EndGlobalSection
	GlobalSection(ExtensibilityGlobals) = postSolution
		SolutionGuid = {43D44E4D-054E-4554-8779-09906623429E}
	EndGlobalSection
EndGlobal
